
Microsoft Visual Studio Solution File, Format Version 12.00
# Visual Studio Version 17
VisualStudioVersion = 17.9.34723.18
MinimumVisualStudioVersion = 10.0.40219.1
Project("{FAE04EC0-301F-11D3-BF4B-00C04F79EFBC}") = "password-task", "password-task\password-task.csproj", "{0726154B-F588-4E5F-BA66-34129E9AFAF2}"
EndProject
Global
	GlobalSection(SolutionConfigurationPlatforms) = preSolution
		Debug|Any CPU = Debug|Any CPU
		Release|Any CPU = Release|Any CPU
	EndGlobalSection
	GlobalSection(ProjectConfigurationPlatforms) = postSolution
		{0726154B-F588-4E5F-BA66-34129E9AFAF2}.Debug|Any CPU.ActiveCfg = Debug|Any CPU
		{0726154B-F588-4E5F-BA66-34129E9AFAF2}.Debug|Any CPU.Build.0 = Debug|Any CPU
		{0726154B-F588-4E5F-BA66-34129E9AFAF2}.Release|Any CPU.ActiveCfg = Release|Any CPU
		{0726154B-F588-4E5F-BA66-34129E9AFAF2}.Release|Any CPU.Build.0 = Release|Any CPU
	EndGlobalSection
	GlobalSection(SolutionProperties) = preSolution
		HideSolutionNode = FALSE
	EndGlobalSection
	GlobalSection(ExtensibilityGlobals) = postSolution
		SolutionGuid = {AB375911-E9B7-4553-965C-C6ED4AF0B323}
	EndGlobalSection
EndGlobal
