
Microsoft Visual Studio Solution File, Format Version 12.00
# Visual Studio Version 17
VisualStudioVersion = 17.9.34723.18
MinimumVisualStudioVersion = 10.0.40219.1
Project("{FAE04EC0-301F-11D3-BF4B-00C04F79EFBC}") = "InterfaceImplementation", "InterfaceImplementation\InterfaceImplementation.csproj", "{CB4A58F5-E505-4BA1-AF05-8E65CB0B5615}"
EndProject
Project("{FAE04EC0-301F-11D3-BF4B-00C04F79EFBC}") = "GovtRulesLibrary", "GovtRulesLibrary\GovtRulesLibrary.csproj", "{FF659C8D-6857-4E0F-B68E-CC2378BA3008}"
EndProject
Global
	GlobalSection(SolutionConfigurationPlatforms) = preSolution
		Debug|Any CPU = Debug|Any CPU
		Release|Any CPU = Release|Any CPU
	EndGlobalSection
	GlobalSection(ProjectConfigurationPlatforms) = postSolution
		{CB4A58F5-E505-4BA1-AF05-8E65CB0B5615}.Debug|Any CPU.ActiveCfg = Debug|Any CPU
		{CB4A58F5-E505-4BA1-AF05-8E65CB0B5615}.Debug|Any CPU.Build.0 = Debug|Any CPU
		{CB4A58F5-E505-4BA1-AF05-8E65CB0B5615}.Release|Any CPU.ActiveCfg = Release|Any CPU
		{CB4A58F5-E505-4BA1-AF05-8E65CB0B5615}.Release|Any CPU.Build.0 = Release|Any CPU
		{FF659C8D-6857-4E0F-B68E-CC2378BA3008}.Debug|Any CPU.ActiveCfg = Debug|Any CPU
		{FF659C8D-6857-4E0F-B68E-CC2378BA3008}.Debug|Any CPU.Build.0 = Debug|Any CPU
		{FF659C8D-6857-4E0F-B68E-CC2378BA3008}.Release|Any CPU.ActiveCfg = Release|Any CPU
		{FF659C8D-6857-4E0F-B68E-CC2378BA3008}.Release|Any CPU.Build.0 = Release|Any CPU
	EndGlobalSection
	GlobalSection(SolutionProperties) = preSolution
		HideSolutionNode = FALSE
	EndGlobalSection
	GlobalSection(ExtensibilityGlobals) = postSolution
		SolutionGuid = {442F08A3-2552-4428-ACC8-1501DBC9FE1F}
	EndGlobalSection
EndGlobal
